
Microsoft Visual Studio Solution File, Format Version 12.00
# Visual Studio Version 16
VisualStudioVersion = 16.0.29911.84
MinimumVisualStudioVersion = 10.0.40219.1
Project("{FAE04EC0-301F-11D3-BF4B-00C04F79EFBC}") = "DrukPoWierszu", "DrukPoWierszu\DrukPoWierszu.csproj", "{83E91741-9DF5-413C-A483-6FBBCFABDB2D}"
EndProject
Global
	GlobalSection(SolutionConfigurationPlatforms) = preSolution
		Debug|Any CPU = Debug|Any CPU
		Release|Any CPU = Release|Any CPU
	EndGlobalSection
	GlobalSection(ProjectConfigurationPlatforms) = postSolution
		{83E91741-9DF5-413C-A483-6FBBCFABDB2D}.Debug|Any CPU.ActiveCfg = Debug|Any CPU
		{83E91741-9DF5-413C-A483-6FBBCFABDB2D}.Debug|Any CPU.Build.0 = Debug|Any CPU
		{83E91741-9DF5-413C-A483-6FBBCFABDB2D}.Release|Any CPU.ActiveCfg = Release|Any CPU
		{83E91741-9DF5-413C-A483-6FBBCFABDB2D}.Release|Any CPU.Build.0 = Release|Any CPU
	EndGlobalSection
	GlobalSection(SolutionProperties) = preSolution
		HideSolutionNode = FALSE
	EndGlobalSection
	GlobalSection(ExtensibilityGlobals) = postSolution
		SolutionGuid = {38069972-F45B-4E00-A86E-1F0D1D0B7273}
	EndGlobalSection
EndGlobal
